
Microsoft Visual Studio Solution File, Format Version 12.00
# Visual Studio Version 16
VisualStudioVersion = 16.0.28803.202
MinimumVisualStudioVersion = 10.0.40219.1
Project("{FAE04EC0-301F-11D3-BF4B-00C04F79EFBC}") = "Lab7", "Lab7\Lab7.csproj", "{EE353D86-FE7D-46F1-81C7-D225E1729F74}"
EndProject
Global
	GlobalSection(SolutionConfigurationPlatforms) = preSolution
		Debug|Any CPU = Debug|Any CPU
		Release|Any CPU = Release|Any CPU
	EndGlobalSection
	GlobalSection(ProjectConfigurationPlatforms) = postSolution
		{EE353D86-FE7D-46F1-81C7-D225E1729F74}.Debug|Any CPU.ActiveCfg = Debug|Any CPU
		{EE353D86-FE7D-46F1-81C7-D225E1729F74}.Debug|Any CPU.Build.0 = Debug|Any CPU
		{EE353D86-FE7D-46F1-81C7-D225E1729F74}.Release|Any CPU.ActiveCfg = Release|Any CPU
		{EE353D86-FE7D-46F1-81C7-D225E1729F74}.Release|Any CPU.Build.0 = Release|Any CPU
	EndGlobalSection
	GlobalSection(SolutionProperties) = preSolution
		HideSolutionNode = FALSE
	EndGlobalSection
	GlobalSection(ExtensibilityGlobals) = postSolution
		SolutionGuid = {3C871A36-7BB1-445B-AD1E-081E96FA900D}
	EndGlobalSection
EndGlobal
