
Microsoft Visual Studio Solution File, Format Version 12.00
# Visual Studio Version 16
VisualStudioVersion = 16.0.28803.202
MinimumVisualStudioVersion = 10.0.40219.1
Project("{FAE04EC0-301F-11D3-BF4B-00C04F79EFBC}") = "Lab7MVC", "Lab7MVC\Lab7MVC.csproj", "{87D2BF78-853A-4FCC-BA4F-EE6F1883321A}"
EndProject
Project("{FAE04EC0-301F-11D3-BF4B-00C04F79EFBC}") = "Lab7Service", "Lab7Service\Lab7Service.csproj", "{38BC3495-060E-4B92-99EE-C59753E0960D}"
EndProject
Global
	GlobalSection(SolutionConfigurationPlatforms) = preSolution
		Debug|Any CPU = Debug|Any CPU
		Release|Any CPU = Release|Any CPU
	EndGlobalSection
	GlobalSection(ProjectConfigurationPlatforms) = postSolution
		{87D2BF78-853A-4FCC-BA4F-EE6F1883321A}.Debug|Any CPU.ActiveCfg = Debug|Any CPU
		{87D2BF78-853A-4FCC-BA4F-EE6F1883321A}.Debug|Any CPU.Build.0 = Debug|Any CPU
		{87D2BF78-853A-4FCC-BA4F-EE6F1883321A}.Release|Any CPU.ActiveCfg = Release|Any CPU
		{87D2BF78-853A-4FCC-BA4F-EE6F1883321A}.Release|Any CPU.Build.0 = Release|Any CPU
		{38BC3495-060E-4B92-99EE-C59753E0960D}.Debug|Any CPU.ActiveCfg = Debug|Any CPU
		{38BC3495-060E-4B92-99EE-C59753E0960D}.Debug|Any CPU.Build.0 = Debug|Any CPU
		{38BC3495-060E-4B92-99EE-C59753E0960D}.Release|Any CPU.ActiveCfg = Release|Any CPU
		{38BC3495-060E-4B92-99EE-C59753E0960D}.Release|Any CPU.Build.0 = Release|Any CPU
	EndGlobalSection
	GlobalSection(SolutionProperties) = preSolution
		HideSolutionNode = FALSE
	EndGlobalSection
	GlobalSection(ExtensibilityGlobals) = postSolution
		SolutionGuid = {3C871A36-7BB1-445B-AD1E-081E96FA900D}
	EndGlobalSection
EndGlobal
